
Microsoft Visual Studio Solution File, Format Version 12.00
# Visual Studio 15
VisualStudioVersion = 15.0.28307.271
MinimumVisualStudioVersion = 10.0.40219.1
Project("{FAE04EC0-301F-11D3-BF4B-00C04F79EFBC}") = "Tap.Plugins.5Genesis.Main", "Tap.Plugins.5Genesis.Main\Tap.Plugins.5Genesis.Main.csproj", "{0B5942DA-4595-4C59-83D3-B4ACFE5DC8F0}"
EndProject
Project("{FAE04EC0-301F-11D3-BF4B-00C04F79EFBC}") = "Tap.Plugins.5Genesis.SshInstrument", "Tap.Plugins.5Genesis.SshInstrument\Tap.Plugins.5Genesis.SshInstrument.csproj", "{5D5F9833-544C-4874-A02D-5CA7A466AF37}"
EndProject
Project("{FAE04EC0-301F-11D3-BF4B-00C04F79EFBC}") = "Tap.Plugins.5Genesis.Monroe", "Tap.Plugins.5Genesis.Monroe\Tap.Plugins.5Genesis.Monroe.csproj", "{8A02DC6B-7468-44C6-B4C9-C537777C017E}"
EndProject
Project("{FAE04EC0-301F-11D3-BF4B-00C04F79EFBC}") = "Tap.Plugins.5Genesis.Misc", "Tap.Plugins.5Genesis.Misc\Tap.Plugins.5Genesis.Misc.csproj", "{759FF8CE-A56E-477E-AFB5-112C8BFFD720}"
EndProject
Project("{FAE04EC0-301F-11D3-BF4B-00C04F79EFBC}") = "Tap.Plugins.5Genesis.Prometheus", "Tap.Plugins.5Genesis.Prometheus\Tap.Plugins.5Genesis.Prometheus.csproj", "{EF7E2BA5-A502-4D43-AA5E-396592CFB9EE}"
EndProject
Project("{FAE04EC0-301F-11D3-BF4B-00C04F79EFBC}") = "Tap.Plugins.5Genesis.InfluxDB", "Tap.Plugins.5Genesis.InfluxDB\Tap.Plugins.5Genesis.InfluxDB.csproj", "{A86EF221-0E12-4E40-BED5-4258BC37FB24}"
EndProject
Project("{FAE04EC0-301F-11D3-BF4B-00C04F79EFBC}") = "Tap.Plugins.5Genesis.RemoteAgents", "Tap.Plugins.5Genesis.iPerfAgent\Tap.Plugins.5Genesis.RemoteAgents.csproj", "{99FB986D-2507-41E3-B0DE-DFFA39ED8D57}"
EndProject
Project("{FAE04EC0-301F-11D3-BF4B-00C04F79EFBC}") = "Tap.Plugins.5Genesis.Y1Demo", "Tap.Plugins.5Genesis.Y1Demo\Tap.Plugins.5Genesis.Y1Demo.csproj", "{C38FB927-8BCF-4EA9-8770-745CF62EC3FC}"
EndProject
Global
	GlobalSection(SolutionConfigurationPlatforms) = preSolution
		Debug|Any CPU = Debug|Any CPU
		Release|Any CPU = Release|Any CPU
	EndGlobalSection
	GlobalSection(ProjectConfigurationPlatforms) = postSolution
		{0B5942DA-4595-4C59-83D3-B4ACFE5DC8F0}.Debug|Any CPU.ActiveCfg = Debug|Any CPU
		{0B5942DA-4595-4C59-83D3-B4ACFE5DC8F0}.Debug|Any CPU.Build.0 = Debug|Any CPU
		{0B5942DA-4595-4C59-83D3-B4ACFE5DC8F0}.Release|Any CPU.ActiveCfg = Release|Any CPU
		{0B5942DA-4595-4C59-83D3-B4ACFE5DC8F0}.Release|Any CPU.Build.0 = Release|Any CPU
		{5D5F9833-544C-4874-A02D-5CA7A466AF37}.Debug|Any CPU.ActiveCfg = Debug|Any CPU
		{5D5F9833-544C-4874-A02D-5CA7A466AF37}.Debug|Any CPU.Build.0 = Debug|Any CPU
		{5D5F9833-544C-4874-A02D-5CA7A466AF37}.Release|Any CPU.ActiveCfg = Release|Any CPU
		{5D5F9833-544C-4874-A02D-5CA7A466AF37}.Release|Any CPU.Build.0 = Release|Any CPU
		{8A02DC6B-7468-44C6-B4C9-C537777C017E}.Debug|Any CPU.ActiveCfg = Debug|Any CPU
		{8A02DC6B-7468-44C6-B4C9-C537777C017E}.Debug|Any CPU.Build.0 = Debug|Any CPU
		{8A02DC6B-7468-44C6-B4C9-C537777C017E}.Release|Any CPU.ActiveCfg = Release|Any CPU
		{8A02DC6B-7468-44C6-B4C9-C537777C017E}.Release|Any CPU.Build.0 = Release|Any CPU
		{759FF8CE-A56E-477E-AFB5-112C8BFFD720}.Debug|Any CPU.ActiveCfg = Debug|Any CPU
		{759FF8CE-A56E-477E-AFB5-112C8BFFD720}.Debug|Any CPU.Build.0 = Debug|Any CPU
		{759FF8CE-A56E-477E-AFB5-112C8BFFD720}.Release|Any CPU.ActiveCfg = Release|Any CPU
		{759FF8CE-A56E-477E-AFB5-112C8BFFD720}.Release|Any CPU.Build.0 = Release|Any CPU
		{EF7E2BA5-A502-4D43-AA5E-396592CFB9EE}.Debug|Any CPU.ActiveCfg = Debug|Any CPU
		{EF7E2BA5-A502-4D43-AA5E-396592CFB9EE}.Debug|Any CPU.Build.0 = Debug|Any CPU
		{EF7E2BA5-A502-4D43-AA5E-396592CFB9EE}.Release|Any CPU.ActiveCfg = Release|Any CPU
		{EF7E2BA5-A502-4D43-AA5E-396592CFB9EE}.Release|Any CPU.Build.0 = Release|Any CPU
		{A86EF221-0E12-4E40-BED5-4258BC37FB24}.Debug|Any CPU.ActiveCfg = Debug|Any CPU
		{A86EF221-0E12-4E40-BED5-4258BC37FB24}.Debug|Any CPU.Build.0 = Debug|Any CPU
		{A86EF221-0E12-4E40-BED5-4258BC37FB24}.Release|Any CPU.ActiveCfg = Release|Any CPU
		{A86EF221-0E12-4E40-BED5-4258BC37FB24}.Release|Any CPU.Build.0 = Release|Any CPU
		{99FB986D-2507-41E3-B0DE-DFFA39ED8D57}.Debug|Any CPU.ActiveCfg = Debug|Any CPU
		{99FB986D-2507-41E3-B0DE-DFFA39ED8D57}.Debug|Any CPU.Build.0 = Debug|Any CPU
		{99FB986D-2507-41E3-B0DE-DFFA39ED8D57}.Release|Any CPU.ActiveCfg = Release|Any CPU
		{99FB986D-2507-41E3-B0DE-DFFA39ED8D57}.Release|Any CPU.Build.0 = Release|Any CPU
		{C38FB927-8BCF-4EA9-8770-745CF62EC3FC}.Debug|Any CPU.ActiveCfg = Debug|Any CPU
		{C38FB927-8BCF-4EA9-8770-745CF62EC3FC}.Debug|Any CPU.Build.0 = Debug|Any CPU
		{C38FB927-8BCF-4EA9-8770-745CF62EC3FC}.Release|Any CPU.ActiveCfg = Release|Any CPU
		{C38FB927-8BCF-4EA9-8770-745CF62EC3FC}.Release|Any CPU.Build.0 = Release|Any CPU
	EndGlobalSection
	GlobalSection(SolutionProperties) = preSolution
		HideSolutionNode = FALSE
	EndGlobalSection
	GlobalSection(ExtensibilityGlobals) = postSolution
		SolutionGuid = {5B24EE34-5C2D-4ED8-AD54-919BDA17E7EC}
	EndGlobalSection
EndGlobal
